// !$*UTF8*$!
{
	archiveVersion = 1;
	classes = {
	};
	objectVersion = 56;
	objects = {

/* Begin PBXBuildFile section */
		E35FD6D82AA4A52400C2665B /* ThreadsUIApp.swift in Sources */ = {isa = PBXBuildFile; fileRef = E35FD6D72AA4A52400C2665B /* ThreadsUIApp.swift */; };
		E35FD6DA2AA4A52400C2665B /* ContentView.swift in Sources */ = {isa = PBXBuildFile; fileRef = E35FD6D92AA4A52400C2665B /* ContentView.swift */; };
		E35FD6DC2AA4A52500C2665B /* Assets.xcassets in Resources */ = {isa = PBXBuildFile; fileRef = E35FD6DB2AA4A52500C2665B /* Assets.xcassets */; };
		E35FD6DF2AA4A52500C2665B /* Preview Assets.xcassets in Resources */ = {isa = PBXBuildFile; fileRef = E35FD6DE2AA4A52500C2665B /* Preview Assets.xcassets */; };
		E35FD6EF2AA4AF9F00C2665B /* LoginView.swift in Sources */ = {isa = PBXBuildFile; fileRef = E35FD6EE2AA4AF9F00C2665B /* LoginView.swift */; };
		E35FD6F12AA4B60E00C2665B /* RegistrationView.swift in Sources */ = {isa = PBXBuildFile; fileRef = E35FD6F02AA4B60E00C2665B /* RegistrationView.swift */; };
		E35FD6F42AA50B5A00C2665B /* ThreadsTextFieldModifier.swift in Sources */ = {isa = PBXBuildFile; fileRef = E35FD6F32AA50B5A00C2665B /* ThreadsTextFieldModifier.swift */; };
		E35FD6F72AA50E1000C2665B /* ThreadsTabView.swift in Sources */ = {isa = PBXBuildFile; fileRef = E35FD6F62AA50E1000C2665B /* ThreadsTabView.swift */; };
		E35FD6FB2AA510A800C2665B /* FeedView.swift in Sources */ = {isa = PBXBuildFile; fileRef = E35FD6FA2AA510A800C2665B /* FeedView.swift */; };
		E35FD6FF2AA510FD00C2665B /* ExploreView.swift in Sources */ = {isa = PBXBuildFile; fileRef = E35FD6FE2AA510FD00C2665B /* ExploreView.swift */; };
		E35FD7032AA5113600C2665B /* ThreadCreationView.swift in Sources */ = {isa = PBXBuildFile; fileRef = E35FD7022AA5113600C2665B /* ThreadCreationView.swift */; };
		E35FD70B2AA511B300C2665B /* ProfileView.swift in Sources */ = {isa = PBXBuildFile; fileRef = E35FD70A2AA511B300C2665B /* ProfileView.swift */; };
		E35FD70D2AA511E500C2665B /* ActivityView.swift in Sources */ = {isa = PBXBuildFile; fileRef = E35FD70C2AA511E500C2665B /* ActivityView.swift */; };
		E35FD70F2AA66E0900C2665B /* ThreadCell.swift in Sources */ = {isa = PBXBuildFile; fileRef = E35FD70E2AA66E0900C2665B /* ThreadCell.swift */; };
		E35FD7122AA6751800C2665B /* CircularProfileImageView.swift in Sources */ = {isa = PBXBuildFile; fileRef = E35FD7112AA6751800C2665B /* CircularProfileImageView.swift */; };
		E35FD7142AA6758E00C2665B /* UserCell.swift in Sources */ = {isa = PBXBuildFile; fileRef = E35FD7132AA6758E00C2665B /* UserCell.swift */; };
		E35FD7172AA6FC7500C2665B /* ProfileThreadFilter.swift in Sources */ = {isa = PBXBuildFile; fileRef = E35FD7162AA6FC7500C2665B /* ProfileThreadFilter.swift */; };
/* End PBXBuildFile section */

/* Begin PBXFileReference section */
		E35FD6D42AA4A52400C2665B /* ThreadsUI.app */ = {isa = PBXFileReference; explicitFileType = wrapper.application; includeInIndex = 0; path = ThreadsUI.app; sourceTree = BUILT_PRODUCTS_DIR; };
		E35FD6D72AA4A52400C2665B /* ThreadsUIApp.swift */ = {isa = PBXFileReference; lastKnownFileType = sourcecode.swift; path = ThreadsUIApp.swift; sourceTree = "<group>"; };
		E35FD6D92AA4A52400C2665B /* ContentView.swift */ = {isa = PBXFileReference; lastKnownFileType = sourcecode.swift; path = ContentView.swift; sourceTree = "<group>"; };
		E35FD6DB2AA4A52500C2665B /* Assets.xcassets */ = {isa = PBXFileReference; lastKnownFileType = folder.assetcatalog; path = Assets.xcassets; sourceTree = "<group>"; };
		E35FD6DE2AA4A52500C2665B /* Preview Assets.xcassets */ = {isa = PBXFileReference; lastKnownFileType = folder.assetcatalog; path = "Preview Assets.xcassets"; sourceTree = "<group>"; };
		E35FD6EE2AA4AF9F00C2665B /* LoginView.swift */ = {isa = PBXFileReference; lastKnownFileType = sourcecode.swift; path = LoginView.swift; sourceTree = "<group>"; };
		E35FD6F02AA4B60E00C2665B /* RegistrationView.swift */ = {isa = PBXFileReference; lastKnownFileType = sourcecode.swift; path = RegistrationView.swift; sourceTree = "<group>"; };
		E35FD6F32AA50B5A00C2665B /* ThreadsTextFieldModifier.swift */ = {isa = PBXFileReference; lastKnownFileType = sourcecode.swift; path = ThreadsTextFieldModifier.swift; sourceTree = "<group>"; };
		E35FD6F62AA50E1000C2665B /* ThreadsTabView.swift */ = {isa = PBXFileReference; lastKnownFileType = sourcecode.swift; path = ThreadsTabView.swift; sourceTree = "<group>"; };
		E35FD6FA2AA510A800C2665B /* FeedView.swift */ = {isa = PBXFileReference; lastKnownFileType = sourcecode.swift; path = FeedView.swift; sourceTree = "<group>"; };
		E35FD6FE2AA510FD00C2665B /* ExploreView.swift */ = {isa = PBXFileReference; lastKnownFileType = sourcecode.swift; path = ExploreView.swift; sourceTree = "<group>"; };
		E35FD7022AA5113600C2665B /* ThreadCreationView.swift */ = {isa = PBXFileReference; lastKnownFileType = sourcecode.swift; path = ThreadCreationView.swift; sourceTree = "<group>"; };
		E35FD70A2AA511B300C2665B /* ProfileView.swift */ = {isa = PBXFileReference; lastKnownFileType = sourcecode.swift; path = ProfileView.swift; sourceTree = "<group>"; };
		E35FD70C2AA511E500C2665B /* ActivityView.swift */ = {isa = PBXFileReference; lastKnownFileType = sourcecode.swift; path = ActivityView.swift; sourceTree = "<group>"; };
		E35FD70E2AA66E0900C2665B /* ThreadCell.swift */ = {isa = PBXFileReference; lastKnownFileType = sourcecode.swift; path = ThreadCell.swift; sourceTree = "<group>"; };
		E35FD7112AA6751800C2665B /* CircularProfileImageView.swift */ = {isa = PBXFileReference; lastKnownFileType = sourcecode.swift; path = CircularProfileImageView.swift; sourceTree = "<group>"; };
		E35FD7132AA6758E00C2665B /* UserCell.swift */ = {isa = PBXFileReference; lastKnownFileType = sourcecode.swift; path = UserCell.swift; sourceTree = "<group>"; };
		E35FD7162AA6FC7500C2665B /* ProfileThreadFilter.swift */ = {isa = PBXFileReference; lastKnownFileType = sourcecode.swift; path = ProfileThreadFilter.swift; sourceTree = "<group>"; };
/* End PBXFileReference section */

/* Begin PBXFrameworksBuildPhase section */
		E35FD6D12AA4A52400C2665B /* Frameworks */ = {
			isa = PBXFrameworksBuildPhase;
			buildActionMask = 2147483647;
			files = (
			);
			runOnlyForDeploymentPostprocessing = 0;
		};
/* End PBXFrameworksBuildPhase section */

/* Begin PBXGroup section */
		E35FD6CB2AA4A52400C2665B = {
			isa = PBXGroup;
			children = (
				E35FD6D62AA4A52400C2665B /* ThreadsUI */,
				E35FD6D52AA4A52400C2665B /* Products */,
			);
			sourceTree = "<group>";
		};
		E35FD6D52AA4A52400C2665B /* Products */ = {
			isa = PBXGroup;
			children = (
				E35FD6D42AA4A52400C2665B /* ThreadsUI.app */,
			);
			name = Products;
			sourceTree = "<group>";
		};
		E35FD6D62AA4A52400C2665B /* ThreadsUI */ = {
			isa = PBXGroup;
			children = (
				E35FD6EA2AA4AF3C00C2665B /* App */,
				E35FD6E92AA4AF3A00C2665B /* Core */,
				E35FD6E82AA4AF3800C2665B /* Extensions */,
				E35FD6E72AA4AF3700C2665B /* Models */,
				E35FD6E62AA4AF3500C2665B /* Services */,
				E35FD6E52AA4AF2C00C2665B /* Utils */,
				E35FD6DB2AA4A52500C2665B /* Assets.xcassets */,
				E35FD6DD2AA4A52500C2665B /* Preview Content */,
			);
			path = ThreadsUI;
			sourceTree = "<group>";
		};
		E35FD6DD2AA4A52500C2665B /* Preview Content */ = {
			isa = PBXGroup;
			children = (
				E35FD6DE2AA4A52500C2665B /* Preview Assets.xcassets */,
			);
			path = "Preview Content";
			sourceTree = "<group>";
		};
		E35FD6E52AA4AF2C00C2665B /* Utils */ = {
			isa = PBXGroup;
			children = (
				E35FD6F22AA50B2F00C2665B /* ViewModifiers */,
			);
			path = Utils;
			sourceTree = "<group>";
		};
		E35FD6E62AA4AF3500C2665B /* Services */ = {
			isa = PBXGroup;
			children = (
			);
			path = Services;
			sourceTree = "<group>";
		};
		E35FD6E72AA4AF3700C2665B /* Models */ = {
			isa = PBXGroup;
			children = (
			);
			path = Models;
			sourceTree = "<group>";
		};
		E35FD6E82AA4AF3800C2665B /* Extensions */ = {
			isa = PBXGroup;
			children = (
			);
			path = Extensions;
			sourceTree = "<group>";
		};
		E35FD6E92AA4AF3A00C2665B /* Core */ = {
			isa = PBXGroup;
			children = (
				E35FD7102AA674F500C2665B /* Components */,
				E35FD7082AA5119400C2665B /* Profile */,
				E35FD7042AA5116D00C2665B /* Activity */,
				E35FD7002AA5111D00C2665B /* ThreadCreation */,
				E35FD6FC2AA510EE00C2665B /* Explore */,
				E35FD6F82AA5109300C2665B /* Feed */,
				E35FD6EC2AA4AF6E00C2665B /* Authentication */,
				E35FD6EB2AA4AF6C00C2665B /* Root */,
				E35FD6F52AA50DDD00C2665B /* TabBar */,
			);
			path = Core;
			sourceTree = "<group>";
		};
		E35FD6EA2AA4AF3C00C2665B /* App */ = {
			isa = PBXGroup;
			children = (
				E35FD6D72AA4A52400C2665B /* ThreadsUIApp.swift */,
			);
			path = App;
			sourceTree = "<group>";
		};
		E35FD6EB2AA4AF6C00C2665B /* Root */ = {
			isa = PBXGroup;
			children = (
				E35FD6D92AA4A52400C2665B /* ContentView.swift */,
			);
			path = Root;
			sourceTree = "<group>";
		};
		E35FD6EC2AA4AF6E00C2665B /* Authentication */ = {
			isa = PBXGroup;
			children = (
				E35FD6ED2AA4AF9000C2665B /* Views */,
			);
			path = Authentication;
			sourceTree = "<group>";
		};
		E35FD6ED2AA4AF9000C2665B /* Views */ = {
			isa = PBXGroup;
			children = (
				E35FD6EE2AA4AF9F00C2665B /* LoginView.swift */,
				E35FD6F02AA4B60E00C2665B /* RegistrationView.swift */,
			);
			path = Views;
			sourceTree = "<group>";
		};
		E35FD6F22AA50B2F00C2665B /* ViewModifiers */ = {
			isa = PBXGroup;
			children = (
				E35FD6F32AA50B5A00C2665B /* ThreadsTextFieldModifier.swift */,
			);
			path = ViewModifiers;
			sourceTree = "<group>";
		};
		E35FD6F52AA50DDD00C2665B /* TabBar */ = {
			isa = PBXGroup;
			children = (
				E35FD6F62AA50E1000C2665B /* ThreadsTabView.swift */,
			);
			path = TabBar;
			sourceTree = "<group>";
		};
		E35FD6F82AA5109300C2665B /* Feed */ = {
			isa = PBXGroup;
			children = (
				E35FD6F92AA5109C00C2665B /* View */,
			);
			path = Feed;
			sourceTree = "<group>";
		};
		E35FD6F92AA5109C00C2665B /* View */ = {
			isa = PBXGroup;
			children = (
				E35FD6FA2AA510A800C2665B /* FeedView.swift */,
				E35FD70E2AA66E0900C2665B /* ThreadCell.swift */,
			);
			path = View;
			sourceTree = "<group>";
		};
		E35FD6FC2AA510EE00C2665B /* Explore */ = {
			isa = PBXGroup;
			children = (
				E35FD6FD2AA510F300C2665B /* View */,
			);
			path = Explore;
			sourceTree = "<group>";
		};
		E35FD6FD2AA510F300C2665B /* View */ = {
			isa = PBXGroup;
			children = (
				E35FD6FE2AA510FD00C2665B /* ExploreView.swift */,
			);
			path = View;
			sourceTree = "<group>";
		};
		E35FD7002AA5111D00C2665B /* ThreadCreation */ = {
			isa = PBXGroup;
			children = (
				E35FD7012AA5112800C2665B /* View */,
			);
			path = ThreadCreation;
			sourceTree = "<group>";
		};
		E35FD7012AA5112800C2665B /* View */ = {
			isa = PBXGroup;
			children = (
				E35FD7022AA5113600C2665B /* ThreadCreationView.swift */,
			);
			path = View;
			sourceTree = "<group>";
		};
		E35FD7042AA5116D00C2665B /* Activity */ = {
			isa = PBXGroup;
			children = (
				E35FD7052AA5117A00C2665B /* View */,
			);
			path = Activity;
			sourceTree = "<group>";
		};
		E35FD7052AA5117A00C2665B /* View */ = {
			isa = PBXGroup;
			children = (
				E35FD70C2AA511E500C2665B /* ActivityView.swift */,
			);
			path = View;
			sourceTree = "<group>";
		};
		E35FD7082AA5119400C2665B /* Profile */ = {
			isa = PBXGroup;
			children = (
				E35FD7152AA6FC4700C2665B /* Model */,
				E35FD7092AA511A400C2665B /* View */,
			);
			path = Profile;
			sourceTree = "<group>";
		};
		E35FD7092AA511A400C2665B /* View */ = {
			isa = PBXGroup;
			children = (
				E35FD70A2AA511B300C2665B /* ProfileView.swift */,
			);
			path = View;
			sourceTree = "<group>";
		};
		E35FD7102AA674F500C2665B /* Components */ = {
			isa = PBXGroup;
			children = (
				E35FD7112AA6751800C2665B /* CircularProfileImageView.swift */,
				E35FD7132AA6758E00C2665B /* UserCell.swift */,
			);
			path = Components;
			sourceTree = "<group>";
		};
		E35FD7152AA6FC4700C2665B /* Model */ = {
			isa = PBXGroup;
			children = (
				E35FD7162AA6FC7500C2665B /* ProfileThreadFilter.swift */,
			);
			path = Model;
			sourceTree = "<group>";
		};
/* End PBXGroup section */

/* Begin PBXNativeTarget section */
		E35FD6D32AA4A52400C2665B /* ThreadsUI */ = {
			isa = PBXNativeTarget;
			buildConfigurationList = E35FD6E22AA4A52500C2665B /* Build configuration list for PBXNativeTarget "ThreadsUI" */;
			buildPhases = (
				E35FD6D02AA4A52400C2665B /* Sources */,
				E35FD6D12AA4A52400C2665B /* Frameworks */,
				E35FD6D22AA4A52400C2665B /* Resources */,
			);
			buildRules = (
			);
			dependencies = (
			);
			name = ThreadsUI;
			productName = ThreadsUI;
			productReference = E35FD6D42AA4A52400C2665B /* ThreadsUI.app */;
			productType = "com.apple.product-type.application";
		};
/* End PBXNativeTarget section */

/* Begin PBXProject section */
		E35FD6CC2AA4A52400C2665B /* Project object */ = {
			isa = PBXProject;
			attributes = {
				BuildIndependentTargetsInParallel = 1;
				LastSwiftUpdateCheck = 1500;
				LastUpgradeCheck = 1500;
				TargetAttributes = {
					E35FD6D32AA4A52400C2665B = {
						CreatedOnToolsVersion = 15.0;
					};
				};
			};
			buildConfigurationList = E35FD6CF2AA4A52400C2665B /* Build configuration list for PBXProject "ThreadsUI" */;
			compatibilityVersion = "Xcode 14.0";
			developmentRegion = en;
			hasScannedForEncodings = 0;
			knownRegions = (
				en,
				Base,
			);
			mainGroup = E35FD6CB2AA4A52400C2665B;
			productRefGroup = E35FD6D52AA4A52400C2665B /* Products */;
			projectDirPath = "";
			projectRoot = "";
			targets = (
				E35FD6D32AA4A52400C2665B /* ThreadsUI */,
			);
		};
/* End PBXProject section */

/* Begin PBXResourcesBuildPhase section */
		E35FD6D22AA4A52400C2665B /* Resources */ = {
			isa = PBXResourcesBuildPhase;
			buildActionMask = 2147483647;
			files = (
				E35FD6DF2AA4A52500C2665B /* Preview Assets.xcassets in Resources */,
				E35FD6DC2AA4A52500C2665B /* Assets.xcassets in Resources */,
			);
			runOnlyForDeploymentPostprocessing = 0;
		};
/* End PBXResourcesBuildPhase section */

/* Begin PBXSourcesBuildPhase section */
		E35FD6D02AA4A52400C2665B /* Sources */ = {
			isa = PBXSourcesBuildPhase;
			buildActionMask = 2147483647;
			files = (
				E35FD70D2AA511E500C2665B /* ActivityView.swift in Sources */,
				E35FD6FB2AA510A800C2665B /* FeedView.swift in Sources */,
				E35FD6EF2AA4AF9F00C2665B /* LoginView.swift in Sources */,
				E35FD70F2AA66E0900C2665B /* ThreadCell.swift in Sources */,
				E35FD6DA2AA4A52400C2665B /* ContentView.swift in Sources */,
				E35FD7122AA6751800C2665B /* CircularProfileImageView.swift in Sources */,
				E35FD7142AA6758E00C2665B /* UserCell.swift in Sources */,
				E35FD6F72AA50E1000C2665B /* ThreadsTabView.swift in Sources */,
				E35FD7172AA6FC7500C2665B /* ProfileThreadFilter.swift in Sources */,
				E35FD6F42AA50B5A00C2665B /* ThreadsTextFieldModifier.swift in Sources */,
				E35FD6D82AA4A52400C2665B /* ThreadsUIApp.swift in Sources */,
				E35FD6FF2AA510FD00C2665B /* ExploreView.swift in Sources */,
				E35FD6F12AA4B60E00C2665B /* RegistrationView.swift in Sources */,
				E35FD70B2AA511B300C2665B /* ProfileView.swift in Sources */,
				E35FD7032AA5113600C2665B /* ThreadCreationView.swift in Sources */,
			);
			runOnlyForDeploymentPostprocessing = 0;
		};
/* End PBXSourcesBuildPhase section */

/* Begin XCBuildConfiguration section */
		E35FD6E02AA4A52500C2665B /* Debug */ = {
			isa = XCBuildConfiguration;
			buildSettings = {
				ALWAYS_SEARCH_USER_PATHS = NO;
				ASSETCATALOG_COMPILER_GENERATE_SWIFT_ASSET_SYMBOL_EXTENSIONS = YES;
				CLANG_ANALYZER_NONNULL = YES;
				CLANG_ANALYZER_NUMBER_OBJECT_CONVERSION = YES_AGGRESSIVE;
				CLANG_CXX_LANGUAGE_STANDARD = "gnu++20";
				CLANG_ENABLE_MODULES = YES;
				CLANG_ENABLE_OBJC_ARC = YES;
				CLANG_ENABLE_OBJC_WEAK = YES;
				CLANG_WARN_BLOCK_CAPTURE_AUTORELEASING = YES;
				CLANG_WARN_BOOL_CONVERSION = YES;
				CLANG_WARN_COMMA = YES;
				CLANG_WARN_CONSTANT_CONVERSION = YES;
				CLANG_WARN_DEPRECATED_OBJC_IMPLEMENTATIONS = YES;
				CLANG_WARN_DIRECT_OBJC_ISA_USAGE = YES_ERROR;
				CLANG_WARN_DOCUMENTATION_COMMENTS = YES;
				CLANG_WARN_EMPTY_BODY = YES;
				CLANG_WARN_ENUM_CONVERSION = YES;
				CLANG_WARN_INFINITE_RECURSION = YES;
				CLANG_WARN_INT_CONVERSION = YES;
				CLANG_WARN_NON_LITERAL_NULL_CONVERSION = YES;
				CLANG_WARN_OBJC_IMPLICIT_RETAIN_SELF = YES;
				CLANG_WARN_OBJC_LITERAL_CONVERSION = YES;
				CLANG_WARN_OBJC_ROOT_CLASS = YES_ERROR;
				CLANG_WARN_QUOTED_INCLUDE_IN_FRAMEWORK_HEADER = YES;
				CLANG_WARN_RANGE_LOOP_ANALYSIS = YES;
				CLANG_WARN_STRICT_PROTOTYPES = YES;
				CLANG_WARN_SUSPICIOUS_MOVE = YES;
				CLANG_WARN_UNGUARDED_AVAILABILITY = YES_AGGRESSIVE;
				CLANG_WARN_UNREACHABLE_CODE = YES;
				CLANG_WARN__DUPLICATE_METHOD_MATCH = YES;
				COPY_PHASE_STRIP = NO;
				DEBUG_INFORMATION_FORMAT = dwarf;
				ENABLE_STRICT_OBJC_MSGSEND = YES;
				ENABLE_TESTABILITY = YES;
				ENABLE_USER_SCRIPT_SANDBOXING = YES;
				GCC_C_LANGUAGE_STANDARD = gnu17;
				GCC_DYNAMIC_NO_PIC = NO;
				GCC_NO_COMMON_BLOCKS = YES;
				GCC_OPTIMIZATION_LEVEL = 0;
				GCC_PREPROCESSOR_DEFINITIONS = (
					"DEBUG=1",
					"$(inherited)",
				);
				GCC_WARN_64_TO_32_BIT_CONVERSION = YES;
				GCC_WARN_ABOUT_RETURN_TYPE = YES_ERROR;
				GCC_WARN_UNDECLARED_SELECTOR = YES;
				GCC_WARN_UNINITIALIZED_AUTOS = YES_AGGRESSIVE;
				GCC_WARN_UNUSED_FUNCTION = YES;
				GCC_WARN_UNUSED_VARIABLE = YES;
				IPHONEOS_DEPLOYMENT_TARGET = 17.0;
				LOCALIZATION_PREFERS_STRING_CATALOGS = YES;
				MTL_ENABLE_DEBUG_INFO = INCLUDE_SOURCE;
				MTL_FAST_MATH = YES;
				ONLY_ACTIVE_ARCH = YES;
				SDKROOT = iphoneos;
				SWIFT_ACTIVE_COMPILATION_CONDITIONS = "DEBUG $(inherited)";
				SWIFT_OPTIMIZATION_LEVEL = "-Onone";
			};
			name = Debug;
		};
		E35FD6E12AA4A52500C2665B /* Release */ = {
			isa = XCBuildConfiguration;
			buildSettings = {
				ALWAYS_SEARCH_USER_PATHS = NO;
				ASSETCATALOG_COMPILER_GENERATE_SWIFT_ASSET_SYMBOL_EXTENSIONS = YES;
				CLANG_ANALYZER_NONNULL = YES;
				CLANG_ANALYZER_NUMBER_OBJECT_CONVERSION = YES_AGGRESSIVE;
				CLANG_CXX_LANGUAGE_STANDARD = "gnu++20";
				CLANG_ENABLE_MODULES = YES;
				CLANG_ENABLE_OBJC_ARC = YES;
				CLANG_ENABLE_OBJC_WEAK = YES;
				CLANG_WARN_BLOCK_CAPTURE_AUTORELEASING = YES;
				CLANG_WARN_BOOL_CONVERSION = YES;
				CLANG_WARN_COMMA = YES;
				CLANG_WARN_CONSTANT_CONVERSION = YES;
				CLANG_WARN_DEPRECATED_OBJC_IMPLEMENTATIONS = YES;
				CLANG_WARN_DIRECT_OBJC_ISA_USAGE = YES_ERROR;
				CLANG_WARN_DOCUMENTATION_COMMENTS = YES;
				CLANG_WARN_EMPTY_BODY = YES;
				CLANG_WARN_ENUM_CONVERSION = YES;
				CLANG_WARN_INFINITE_RECURSION = YES;
				CLANG_WARN_INT_CONVERSION = YES;
				CLANG_WARN_NON_LITERAL_NULL_CONVERSION = YES;
				CLANG_WARN_OBJC_IMPLICIT_RETAIN_SELF = YES;
				CLANG_WARN_OBJC_LITERAL_CONVERSION = YES;
				CLANG_WARN_OBJC_ROOT_CLASS = YES_ERROR;
				CLANG_WARN_QUOTED_INCLUDE_IN_FRAMEWORK_HEADER = YES;
				CLANG_WARN_RANGE_LOOP_ANALYSIS = YES;
				CLANG_WARN_STRICT_PROTOTYPES = YES;
				CLANG_WARN_SUSPICIOUS_MOVE = YES;
				CLANG_WARN_UNGUARDED_AVAILABILITY = YES_AGGRESSIVE;
				CLANG_WARN_UNREACHABLE_CODE = YES;
				CLANG_WARN__DUPLICATE_METHOD_MATCH = YES;
				COPY_PHASE_STRIP = NO;
				DEBUG_INFORMATION_FORMAT = "dwarf-with-dsym";
				ENABLE_NS_ASSERTIONS = NO;
				ENABLE_STRICT_OBJC_MSGSEND = YES;
				ENABLE_USER_SCRIPT_SANDBOXING = YES;
				GCC_C_LANGUAGE_STANDARD = gnu17;
				GCC_NO_COMMON_BLOCKS = YES;
				GCC_WARN_64_TO_32_BIT_CONVERSION = YES;
				GCC_WARN_ABOUT_RETURN_TYPE = YES_ERROR;
				GCC_WARN_UNDECLARED_SELECTOR = YES;
				GCC_WARN_UNINITIALIZED_AUTOS = YES_AGGRESSIVE;
				GCC_WARN_UNUSED_FUNCTION = YES;
				GCC_WARN_UNUSED_VARIABLE = YES;
				IPHONEOS_DEPLOYMENT_TARGET = 17.0;
				LOCALIZATION_PREFERS_STRING_CATALOGS = YES;
				MTL_ENABLE_DEBUG_INFO = NO;
				MTL_FAST_MATH = YES;
				SDKROOT = iphoneos;
				SWIFT_COMPILATION_MODE = wholemodule;
				VALIDATE_PRODUCT = YES;
			};
			name = Release;
		};
		E35FD6E32AA4A52500C2665B /* Debug */ = {
			isa = XCBuildConfiguration;
			buildSettings = {
				ASSETCATALOG_COMPILER_APPICON_NAME = AppIcon;
				ASSETCATALOG_COMPILER_GLOBAL_ACCENT_COLOR_NAME = AccentColor;
				CODE_SIGN_STYLE = Automatic;
				CURRENT_PROJECT_VERSION = 1;
				DEVELOPMENT_ASSET_PATHS = "\"ThreadsUI/Preview Content\"";
				DEVELOPMENT_TEAM = MMZ4M2Z9GS;
				ENABLE_PREVIEWS = YES;
				GENERATE_INFOPLIST_FILE = YES;
				INFOPLIST_KEY_UIApplicationSceneManifest_Generation = YES;
				INFOPLIST_KEY_UIApplicationSupportsIndirectInputEvents = YES;
				INFOPLIST_KEY_UILaunchScreen_Generation = YES;
				INFOPLIST_KEY_UISupportedInterfaceOrientations_iPad = "UIInterfaceOrientationPortrait UIInterfaceOrientationPortraitUpsideDown UIInterfaceOrientationLandscapeLeft UIInterfaceOrientationLandscapeRight";
				INFOPLIST_KEY_UISupportedInterfaceOrientations_iPhone = "UIInterfaceOrientationPortrait UIInterfaceOrientationLandscapeLeft UIInterfaceOrientationLandscapeRight";
				LD_RUNPATH_SEARCH_PATHS = (
					"$(inherited)",
					"@executable_path/Frameworks",
				);
				MARKETING_VERSION = 1.0;
				PRODUCT_BUNDLE_IDENTIFIER = com.shikhar.ThreadsUI;
				PRODUCT_NAME = "$(TARGET_NAME)";
				SWIFT_EMIT_LOC_STRINGS = YES;
				SWIFT_VERSION = 5.0;
				TARGETED_DEVICE_FAMILY = "1,2";
			};
			name = Debug;
		};
		E35FD6E42AA4A52500C2665B /* Release */ = {
			isa = XCBuildConfiguration;
			buildSettings = {
				ASSETCATALOG_COMPILER_APPICON_NAME = AppIcon;
				ASSETCATALOG_COMPILER_GLOBAL_ACCENT_COLOR_NAME = AccentColor;
				CODE_SIGN_STYLE = Automatic;
				CURRENT_PROJECT_VERSION = 1;
				DEVELOPMENT_ASSET_PATHS = "\"ThreadsUI/Preview Content\"";
				DEVELOPMENT_TEAM = MMZ4M2Z9GS;
				ENABLE_PREVIEWS = YES;
				GENERATE_INFOPLIST_FILE = YES;
				INFOPLIST_KEY_UIApplicationSceneManifest_Generation = YES;
				INFOPLIST_KEY_UIApplicationSupportsIndirectInputEvents = YES;
				INFOPLIST_KEY_UILaunchScreen_Generation = YES;
				INFOPLIST_KEY_UISupportedInterfaceOrientations_iPad = "UIInterfaceOrientationPortrait UIInterfaceOrientationPortraitUpsideDown UIInterfaceOrientationLandscapeLeft UIInterfaceOrientationLandscapeRight";
				INFOPLIST_KEY_UISupportedInterfaceOrientations_iPhone = "UIInterfaceOrientationPortrait UIInterfaceOrientationLandscapeLeft UIInterfaceOrientationLandscapeRight";
				LD_RUNPATH_SEARCH_PATHS = (
					"$(inherited)",
					"@executable_path/Frameworks",
				);
				MARKETING_VERSION = 1.0;
				PRODUCT_BUNDLE_IDENTIFIER = com.shikhar.ThreadsUI;
				PRODUCT_NAME = "$(TARGET_NAME)";
				SWIFT_EMIT_LOC_STRINGS = YES;
				SWIFT_VERSION = 5.0;
				TARGETED_DEVICE_FAMILY = "1,2";
			};
			name = Release;
		};
/* End XCBuildConfiguration section */

/* Begin XCConfigurationList section */
		E35FD6CF2AA4A52400C2665B /* Build configuration list for PBXProject "ThreadsUI" */ = {
			isa = XCConfigurationList;
			buildConfigurations = (
				E35FD6E02AA4A52500C2665B /* Debug */,
				E35FD6E12AA4A52500C2665B /* Release */,
			);
			defaultConfigurationIsVisible = 0;
			defaultConfigurationName = Release;
		};
		E35FD6E22AA4A52500C2665B /* Build configuration list for PBXNativeTarget "ThreadsUI" */ = {
			isa = XCConfigurationList;
			buildConfigurations = (
				E35FD6E32AA4A52500C2665B /* Debug */,
				E35FD6E42AA4A52500C2665B /* Release */,
			);
			defaultConfigurationIsVisible = 0;
			defaultConfigurationName = Release;
		};
/* End XCConfigurationList section */
	};
	rootObject = E35FD6CC2AA4A52400C2665B /* Project object */;
}
